
Microsoft Visual Studio Solution File, Format Version 12.00
# Visual Studio Version 17
VisualStudioVersion = 17.5.002.0
MinimumVisualStudioVersion = 10.0.40219.1
Project("{9A19103F-16F7-4668-BE54-9A1E7A4F7556}") = "Teste", "Teste\Teste.csproj", "{C43D3390-A300-483C-A4C7-AC4FD8FBB59A}"
EndProject
Global
	GlobalSection(SolutionConfigurationPlatforms) = preSolution
		Debug|Any CPU = Debug|Any CPU
		Release|Any CPU = Release|Any CPU
	EndGlobalSection
	GlobalSection(ProjectConfigurationPlatforms) = postSolution
		{C43D3390-A300-483C-A4C7-AC4FD8FBB59A}.Debug|Any CPU.ActiveCfg = Debug|Any CPU
		{C43D3390-A300-483C-A4C7-AC4FD8FBB59A}.Debug|Any CPU.Build.0 = Debug|Any CPU
		{C43D3390-A300-483C-A4C7-AC4FD8FBB59A}.Release|Any CPU.ActiveCfg = Release|Any CPU
		{C43D3390-A300-483C-A4C7-AC4FD8FBB59A}.Release|Any CPU.Build.0 = Release|Any CPU
	EndGlobalSection
	GlobalSection(SolutionProperties) = preSolution
		HideSolutionNode = FALSE
	EndGlobalSection
	GlobalSection(ExtensibilityGlobals) = postSolution
		SolutionGuid = {7680D1A6-553F-4C89-9AB9-7A674AF81405}
	EndGlobalSection
EndGlobal
